// !$*UTF8*$!
{
	archiveVersion = 1;
	classes = {
	};
	objectVersion = 77;
	objects = {

/* Begin PBXBuildFile section */
		5FFE81BC4D8D7AF7C377361A /* Pods_coufistgade.framework in Frameworks */ = {isa = PBXBuildFile; fileRef = C9AB5D0CF6DBC55C9B0FC9D8 /* Pods_coufistgade.framework */; };
		7B56CBC47466B1D0B3899E0F /* Pods_coufistgadeTests.framework in Frameworks */ = {isa = PBXBuildFile; fileRef = 63F185661315E8449D3AF065 /* Pods_coufistgadeTests.framework */; };
/* End PBXBuildFile section */

/* Begin PBXContainerItemProxy section */
		0A1B2C17303EDD0200181447 /* PBXContainerItemProxy */ = {
			isa = PBXContainerItemProxy;
			containerPortal = 047F46DC303EDD0000181447 /* Project object */;
			proxyType = 1;
			remoteGlobalIDString = 047F46E3303EDD0000181447;
			remoteInfo = coufistgade;
		};
/* End PBXContainerItemProxy section */

/* Begin PBXFileReference section */
		047F46E4303EDD0000181447 /* coufistgade.app */ = {isa = PBXFileReference; explicitFileType = wrapper.application; includeInIndex = 0; path = coufistgade.app; sourceTree = BUILT_PRODUCTS_DIR; };
		0A1B2C11303EDD0200181447 /* coufistgadeTests.xctest */ = {isa = PBXFileReference; explicitFileType = wrapper.cfbundle; includeInIndex = 0; path = coufistgadeTests.xctest; sourceTree = BUILT_PRODUCTS_DIR; };
		2ADF3942CB861A5AC9062D2C /* Pods-coufistgadeTests.debug.xcconfig */ = {isa = PBXFileReference; includeInIndex = 1; lastKnownFileType = text.xcconfig; name = "Pods-coufistgadeTests.debug.xcconfig"; path = "Target Support Files/Pods-coufistgadeTests/Pods-coufistgadeTests.debug.xcconfig"; sourceTree = "<group>"; };
		35EC484BE422741629C93855 /* Pods-coufistgadeTests.release.xcconfig */ = {isa = PBXFileReference; includeInIndex = 1; lastKnownFileType = text.xcconfig; name = "Pods-coufistgadeTests.release.xcconfig"; path = "Target Support Files/Pods-coufistgadeTests/Pods-coufistgadeTests.release.xcconfig"; sourceTree = "<group>"; };
		4C84ED07D4F9178BE1507CE0 /* Pods-coufistgade.release.xcconfig */ = {isa = PBXFileReference; includeInIndex = 1; lastKnownFileType = text.xcconfig; name = "Pods-coufistgade.release.xcconfig"; path = "Target Support Files/Pods-coufistgade/Pods-coufistgade.release.xcconfig"; sourceTree = "<group>"; };
		56CA13FA82E1684A90678509 /* Pods-coufistgade.debug.xcconfig */ = {isa = PBXFileReference; includeInIndex = 1; lastKnownFileType = text.xcconfig; name = "Pods-coufistgade.debug.xcconfig"; path = "Target Support Files/Pods-coufistgade/Pods-coufistgade.debug.xcconfig"; sourceTree = "<group>"; };
		63F185661315E8449D3AF065 /* Pods_coufistgadeTests.framework */ = {isa = PBXFileReference; explicitFileType = wrapper.framework; includeInIndex = 0; path = Pods_coufistgadeTests.framework; sourceTree = BUILT_PRODUCTS_DIR; };
		C9AB5D0CF6DBC55C9B0FC9D8 /* Pods_coufistgade.framework */ = {isa = PBXFileReference; explicitFileType = wrapper.framework; includeInIndex = 0; path = Pods_coufistgade.framework; sourceTree = BUILT_PRODUCTS_DIR; };
/* End PBXFileReference section */

/* Begin PBXFileSystemSynchronizedBuildFileExceptionSet section */
		047F46F6303EDD0100181447 /* Exceptions for "coufistgade" folder in "coufistgade" target */ = {
			isa = PBXFileSystemSynchronizedBuildFileExceptionSet;
			membershipExceptions = (
				Info.plist,
			);
			target = 047F46E3303EDD0000181447 /* coufistgade */;
		};
/* End PBXFileSystemSynchronizedBuildFileExceptionSet section */

/* Begin PBXFileSystemSynchronizedRootGroup section */
		047F46E6303EDD0000181447 /* coufistgade */ = {
			isa = PBXFileSystemSynchronizedRootGroup;
			exceptions = (
				047F46F6303EDD0100181447 /* Exceptions for "coufistgade" folder in "coufistgade" target */,
			);
			path = coufistgade;
			sourceTree = "<group>";
		};
		0A1B2C12303EDD0200181447 /* coufistgadeTests */ = {
			isa = PBXFileSystemSynchronizedRootGroup;
			exceptions = (
			);
			path = coufistgadeTests;
			sourceTree = "<group>";
		};
/* End PBXFileSystemSynchronizedRootGroup section */

/* Begin PBXFrameworksBuildPhase section */
		047F46E1303EDD0000181447 /* Frameworks */ = {
			isa = PBXFrameworksBuildPhase;
			buildActionMask = 2147483647;
			files = (
				5FFE81BC4D8D7AF7C377361A /* Pods_coufistgade.framework in Frameworks */,
			);
			runOnlyForDeploymentPostprocessing = 0;
		};
		0A1B2C13303EDD0200181447 /* Frameworks */ = {
			isa = PBXFrameworksBuildPhase;
			buildActionMask = 2147483647;
			files = (
				7B56CBC47466B1D0B3899E0F /* Pods_coufistgadeTests.framework in Frameworks */,
			);
			runOnlyForDeploymentPostprocessing = 0;
		};
/* End PBXFrameworksBuildPhase section */

/* Begin PBXGroup section */
		047F46DB303EDD0000181447 = {
			isa = PBXGroup;
			children = (
				047F46E6303EDD0000181447 /* coufistgade */,
				0A1B2C12303EDD0200181447 /* coufistgadeTests */,
				047F46E5303EDD0000181447 /* Products */,
				0F20635ABDA035E18BB31D18 /* Pods */,
				AFC03A03C989A9C06C4B2BDD /* Frameworks */,
			);
			sourceTree = "<group>";
		};
		047F46E5303EDD0000181447 /* Products */ = {
			isa = PBXGroup;
			children = (
				047F46E4303EDD0000181447 /* coufistgade.app */,
				0A1B2C11303EDD0200181447 /* coufistgadeTests.xctest */,
			);
			name = Products;
			sourceTree = "<group>";
		};
		0F20635ABDA035E18BB31D18 /* Pods */ = {
			isa = PBXGroup;
			children = (
				56CA13FA82E1684A90678509 /* Pods-coufistgade.debug.xcconfig */,
				4C84ED07D4F9178BE1507CE0 /* Pods-coufistgade.release.xcconfig */,
				2ADF3942CB861A5AC9062D2C /* Pods-coufistgadeTests.debug.xcconfig */,
				35EC484BE422741629C93855 /* Pods-coufistgadeTests.release.xcconfig */,
			);
			path = Pods;
			sourceTree = "<group>";
		};
		AFC03A03C989A9C06C4B2BDD /* Frameworks */ = {
			isa = PBXGroup;
			children = (
				C9AB5D0CF6DBC55C9B0FC9D8 /* Pods_coufistgade.framework */,
				63F185661315E8449D3AF065 /* Pods_coufistgadeTests.framework */,
			);
			name = Frameworks;
			sourceTree = "<group>";
		};
/* End PBXGroup section */

/* Begin PBXNativeTarget section */
		047F46E3303EDD0000181447 /* coufistgade */ = {
			isa = PBXNativeTarget;
			buildConfigurationList = 047F46F7303EDD0100181447 /* Build configuration list for PBXNativeTarget "coufistgade" */;
			buildPhases = (
				B96897E81685953138984C49 /* [CP] Check Pods Manifest.lock */,
				047F46E0303EDD0000181447 /* Sources */,
				047F46E1303EDD0000181447 /* Frameworks */,
				047F46E2303EDD0000181447 /* Resources */,
				BA85FB1E8E718A6AD0A69F75 /* [CP] Embed Pods Frameworks */,
			);
			buildRules = (
			);
			dependencies = (
			);
			fileSystemSynchronizedGroups = (
				047F46E6303EDD0000181447 /* coufistgade */,
			);
			name = coufistgade;
			productName = coufistgade;
			productReference = 047F46E4303EDD0000181447 /* coufistgade.app */;
			productType = "com.apple.product-type.application";
		};
		0A1B2C14303EDD0200181447 /* coufistgadeTests */ = {
			isa = PBXNativeTarget;
			buildConfigurationList = 0A1B2C1A303EDD0200181447 /* Build configuration list for PBXNativeTarget "coufistgadeTests" */;
			buildPhases = (
				3FDBB42D05D21B9FABA8FBBC /* [CP] Check Pods Manifest.lock */,
				0A1B2C15303EDD0200181447 /* Sources */,
				0A1B2C13303EDD0200181447 /* Frameworks */,
				0A1B2C16303EDD0200181447 /* Resources */,
			);
			buildRules = (
			);
			dependencies = (
				0A1B2C18303EDD0200181447 /* PBXTargetDependency */,
			);
			fileSystemSynchronizedGroups = (
				0A1B2C12303EDD0200181447 /* coufistgadeTests */,
			);
			name = coufistgadeTests;
			productName = coufistgadeTests;
			productReference = 0A1B2C11303EDD0200181447 /* coufistgadeTests.xctest */;
			productType = "com.apple.product-type.bundle.unit-test";
		};
/* End PBXNativeTarget section */

/* Begin PBXProject section */
		047F46DC303EDD0000181447 /* Project object */ = {
			isa = PBXProject;
			attributes = {
				BuildIndependentTargetsInParallel = 1;
				LastSwiftUpdateCheck = 2660;
				LastUpgradeCheck = 2660;
				TargetAttributes = {
					047F46E3303EDD0000181447 = {
						CreatedOnToolsVersion = 26.6;
					};
					0A1B2C14303EDD0200181447 = {
						CreatedOnToolsVersion = 26.6;
						TestTargetID = 047F46E3303EDD0000181447;
					};
				};
			};
			buildConfigurationList = 047F46DF303EDD0000181447 /* Build configuration list for PBXProject "coufistgade" */;
			developmentRegion = en;
			hasScannedForEncodings = 0;
			knownRegions = (
				en,
				Base,
			);
			mainGroup = 047F46DB303EDD0000181447;
			minimizedProjectReferenceProxies = 1;
			preferredProjectObjectVersion = 77;
			productRefGroup = 047F46E5303EDD0000181447 /* Products */;
			projectDirPath = "";
			projectRoot = "";
			targets = (
				047F46E3303EDD0000181447 /* coufistgade */,
				0A1B2C14303EDD0200181447 /* coufistgadeTests */,
			);
		};
/* End PBXProject section */

/* Begin PBXResourcesBuildPhase section */
		047F46E2303EDD0000181447 /* Resources */ = {
			isa = PBXResourcesBuildPhase;
			buildActionMask = 2147483647;
			files = (
			);
			runOnlyForDeploymentPostprocessing = 0;
		};
		0A1B2C16303EDD0200181447 /* Resources */ = {
			isa = PBXResourcesBuildPhase;
			buildActionMask = 2147483647;
			files = (
			);
			runOnlyForDeploymentPostprocessing = 0;
		};
/* End PBXResourcesBuildPhase section */

/* Begin PBXShellScriptBuildPhase section */
		3FDBB42D05D21B9FABA8FBBC /* [CP] Check Pods Manifest.lock */ = {
			isa = PBXShellScriptBuildPhase;
			buildActionMask = 2147483647;
			files = (
			);
			inputFileListPaths = (
			);
			inputPaths = (
				"${PODS_PODFILE_DIR_PATH}/Podfile.lock",
				"${PODS_ROOT}/Manifest.lock",
			);
			name = "[CP] Check Pods Manifest.lock";
			outputFileListPaths = (
			);
			outputPaths = (
				"$(DERIVED_FILE_DIR)/Pods-coufistgadeTests-checkManifestLockResult.txt",
			);
			runOnlyForDeploymentPostprocessing = 0;
			shellPath = /bin/sh;
			shellScript = "diff \"${PODS_PODFILE_DIR_PATH}/Podfile.lock\" \"${PODS_ROOT}/Manifest.lock\" > /dev/null\nif [ $? != 0 ] ; then\n    # print error to STDERR\n    echo \"error: The sandbox is not in sync with the Podfile.lock. Run 'pod install' or update your CocoaPods installation.\" >&2\n    exit 1\nfi\n# This output is used by Xcode 'outputs' to avoid re-running this script phase.\necho \"SUCCESS\" > \"${SCRIPT_OUTPUT_FILE_0}\"\n";
			showEnvVarsInLog = 0;
		};
		B96897E81685953138984C49 /* [CP] Check Pods Manifest.lock */ = {
			isa = PBXShellScriptBuildPhase;
			buildActionMask = 2147483647;
			files = (
			);
			inputFileListPaths = (
			);
			inputPaths = (
				"${PODS_PODFILE_DIR_PATH}/Podfile.lock",
				"${PODS_ROOT}/Manifest.lock",
			);
			name = "[CP] Check Pods Manifest.lock";
			outputFileListPaths = (
			);
			outputPaths = (
				"$(DERIVED_FILE_DIR)/Pods-coufistgade-checkManifestLockResult.txt",
			);
			runOnlyForDeploymentPostprocessing = 0;
			shellPath = /bin/sh;
			shellScript = "diff \"${PODS_PODFILE_DIR_PATH}/Podfile.lock\" \"${PODS_ROOT}/Manifest.lock\" > /dev/null\nif [ $? != 0 ] ; then\n    # print error to STDERR\n    echo \"error: The sandbox is not in sync with the Podfile.lock. Run 'pod install' or update your CocoaPods installation.\" >&2\n    exit 1\nfi\n# This output is used by Xcode 'outputs' to avoid re-running this script phase.\necho \"SUCCESS\" > \"${SCRIPT_OUTPUT_FILE_0}\"\n";
			showEnvVarsInLog = 0;
		};
		BA85FB1E8E718A6AD0A69F75 /* [CP] Embed Pods Frameworks */ = {
			isa = PBXShellScriptBuildPhase;
			buildActionMask = 2147483647;
			files = (
			);
			inputFileListPaths = (
				"${PODS_ROOT}/Target Support Files/Pods-coufistgade/Pods-coufistgade-frameworks-${CONFIGURATION}-input-files.xcfilelist",
			);
			name = "[CP] Embed Pods Frameworks";
			outputFileListPaths = (
				"${PODS_ROOT}/Target Support Files/Pods-coufistgade/Pods-coufistgade-frameworks-${CONFIGURATION}-output-files.xcfilelist",
			);
			runOnlyForDeploymentPostprocessing = 0;
			shellPath = /bin/sh;
			shellScript = "\"${PODS_ROOT}/Target Support Files/Pods-coufistgade/Pods-coufistgade-frameworks.sh\"\n";
			showEnvVarsInLog = 0;
		};
/* End PBXShellScriptBuildPhase section */

/* Begin PBXSourcesBuildPhase section */
		047F46E0303EDD0000181447 /* Sources */ = {
			isa = PBXSourcesBuildPhase;
			buildActionMask = 2147483647;
			files = (
			);
			runOnlyForDeploymentPostprocessing = 0;
		};
		0A1B2C15303EDD0200181447 /* Sources */ = {
			isa = PBXSourcesBuildPhase;
			buildActionMask = 2147483647;
			files = (
			);
			runOnlyForDeploymentPostprocessing = 0;
		};
/* End PBXSourcesBuildPhase section */

/* Begin PBXTargetDependency section */
		0A1B2C18303EDD0200181447 /* PBXTargetDependency */ = {
			isa = PBXTargetDependency;
			target = 047F46E3303EDD0000181447 /* coufistgade */;
			targetProxy = 0A1B2C17303EDD0200181447 /* PBXContainerItemProxy */;
		};
/* End PBXTargetDependency section */

/* Begin XCBuildConfiguration section */
		047F46F8303EDD0100181447 /* Debug */ = {
			isa = XCBuildConfiguration;
			baseConfigurationReference = 56CA13FA82E1684A90678509 /* Pods-coufistgade.debug.xcconfig */;
			buildSettings = {
				ASSETCATALOG_COMPILER_APPICON_NAME = AppIcon;
				ASSETCATALOG_COMPILER_GLOBAL_ACCENT_COLOR_NAME = AccentColor;
				CODE_SIGN_ENTITLEMENTS = coufistgade/coufistgade.entitlements;
				CODE_SIGN_STYLE = Automatic;
				CURRENT_PROJECT_VERSION = 1;
				ENABLE_USER_SCRIPT_SANDBOXING = NO;
				GENERATE_INFOPLIST_FILE = YES;
				INFOPLIST_FILE = coufistgade/Info.plist;
				INFOPLIST_KEY_UIApplicationSupportsIndirectInputEvents = YES;
				INFOPLIST_KEY_UISupportedInterfaceOrientations = UIInterfaceOrientationPortrait;
				IPHONEOS_DEPLOYMENT_TARGET = 18.0;
				LD_RUNPATH_SEARCH_PATHS = (
					"$(inherited)",
					"@executable_path/Frameworks",
				);
				MARKETING_VERSION = 1.0;
				PRODUCT_BUNDLE_IDENTIFIER = com.cclv.coufistgade;
				PRODUCT_NAME = "$(TARGET_NAME)";
				STRING_CATALOG_GENERATE_SYMBOLS = YES;
				SUPPORTED_PLATFORMS = "iphoneos iphonesimulator";
				SUPPORTS_MACCATALYST = NO;
				SUPPORTS_MAC_DESIGNED_FOR_IPHONE_IPAD = NO;
				SUPPORTS_XR_DESIGNED_FOR_IPHONE_IPAD = NO;
				SWIFT_APPROACHABLE_CONCURRENCY = YES;
				SWIFT_DEFAULT_ACTOR_ISOLATION = MainActor;
				SWIFT_EMIT_LOC_STRINGS = YES;
				SWIFT_UPCOMING_FEATURE_MEMBER_IMPORT_VISIBILITY = YES;
				SWIFT_VERSION = 5.0;
				TARGETED_DEVICE_FAMILY = 1;
			};
			name = Debug;
		};
		047F46F9303EDD0100181447 /* Release */ = {
			isa = XCBuildConfiguration;
			baseConfigurationReference = 4C84ED07D4F9178BE1507CE0 /* Pods-coufistgade.release.xcconfig */;
			buildSettings = {
				ASSETCATALOG_COMPILER_APPICON_NAME = AppIcon;
				ASSETCATALOG_COMPILER_GLOBAL_ACCENT_COLOR_NAME = AccentColor;
				CODE_SIGN_ENTITLEMENTS = coufistgade/coufistgade.entitlements;
				CODE_SIGN_STYLE = Automatic;
				CURRENT_PROJECT_VERSION = 1;
				ENABLE_USER_SCRIPT_SANDBOXING = NO;
				GENERATE_INFOPLIST_FILE = YES;
				INFOPLIST_FILE = coufistgade/Info.plist;
				INFOPLIST_KEY_UIApplicationSupportsIndirectInputEvents = YES;
				INFOPLIST_KEY_UISupportedInterfaceOrientations = UIInterfaceOrientationPortrait;
				IPHONEOS_DEPLOYMENT_TARGET = 18.0;
				LD_RUNPATH_SEARCH_PATHS = (
					"$(inherited)",
					"@executable_path/Frameworks",
				);
				MARKETING_VERSION = 1.0;
				PRODUCT_BUNDLE_IDENTIFIER = com.cclv.coufistgade;
				PRODUCT_NAME = "$(TARGET_NAME)";
				STRING_CATALOG_GENERATE_SYMBOLS = YES;
				SUPPORTED_PLATFORMS = "iphoneos iphonesimulator";
				SUPPORTS_MACCATALYST = NO;
				SUPPORTS_MAC_DESIGNED_FOR_IPHONE_IPAD = NO;
				SUPPORTS_XR_DESIGNED_FOR_IPHONE_IPAD = NO;
				SWIFT_APPROACHABLE_CONCURRENCY = YES;
				SWIFT_DEFAULT_ACTOR_ISOLATION = MainActor;
				SWIFT_EMIT_LOC_STRINGS = YES;
				SWIFT_UPCOMING_FEATURE_MEMBER_IMPORT_VISIBILITY = YES;
				SWIFT_VERSION = 5.0;
				TARGETED_DEVICE_FAMILY = 1;
			};
			name = Release;
		};
		047F46FA303EDD0100181447 /* Debug */ = {
			isa = XCBuildConfiguration;
			buildSettings = {
				ALWAYS_SEARCH_USER_PATHS = NO;
				ASSETCATALOG_COMPILER_GENERATE_SWIFT_ASSET_SYMBOL_EXTENSIONS = YES;
				CLANG_ANALYZER_NONNULL = YES;
				CLANG_ANALYZER_NUMBER_OBJECT_CONVERSION = YES_AGGRESSIVE;
				CLANG_CXX_LANGUAGE_STANDARD = "gnu++20";
				CLANG_ENABLE_MODULES = YES;
				CLANG_ENABLE_OBJC_ARC = YES;
				CLANG_ENABLE_OBJC_WEAK = YES;
				CLANG_WARN_BLOCK_CAPTURE_AUTORELEASING = YES;
				CLANG_WARN_BOOL_CONVERSION = YES;
				CLANG_WARN_COMMA = YES;
				CLANG_WARN_CONSTANT_CONVERSION = YES;
				CLANG_WARN_DEPRECATED_OBJC_IMPLEMENTATIONS = YES;
				CLANG_WARN_DIRECT_OBJC_ISA_USAGE = YES_ERROR;
				CLANG_WARN_DOCUMENTATION_COMMENTS = YES;
				CLANG_WARN_EMPTY_BODY = YES;
				CLANG_WARN_ENUM_CONVERSION = YES;
				CLANG_WARN_INFINITE_RECURSION = YES;
				CLANG_WARN_INT_CONVERSION = YES;
				CLANG_WARN_NON_LITERAL_NULL_CONVERSION = YES;
				CLANG_WARN_OBJC_IMPLICIT_RETAIN_SELF = YES;
				CLANG_WARN_OBJC_LITERAL_CONVERSION = YES;
				CLANG_WARN_OBJC_ROOT_CLASS = YES_ERROR;
				CLANG_WARN_QUOTED_INCLUDE_IN_FRAMEWORK_HEADER = YES;
				CLANG_WARN_RANGE_LOOP_ANALYSIS = YES;
				CLANG_WARN_STRICT_PROTOTYPES = YES;
				CLANG_WARN_SUSPICIOUS_MOVE = YES;
				CLANG_WARN_UNGUARDED_AVAILABILITY = YES_AGGRESSIVE;
				CLANG_WARN_UNREACHABLE_CODE = YES;
				CLANG_WARN__DUPLICATE_METHOD_MATCH = YES;
				COPY_PHASE_STRIP = NO;
				DEBUG_INFORMATION_FORMAT = dwarf;
				ENABLE_STRICT_OBJC_MSGSEND = YES;
				ENABLE_TESTABILITY = YES;
				ENABLE_USER_SCRIPT_SANDBOXING = NO;
				GCC_C_LANGUAGE_STANDARD = gnu17;
				GCC_DYNAMIC_NO_PIC = NO;
				GCC_NO_COMMON_BLOCKS = YES;
				GCC_OPTIMIZATION_LEVEL = 0;
				GCC_PREPROCESSOR_DEFINITIONS = (
					"DEBUG=1",
					"$(inherited)",
				);
				GCC_WARN_64_TO_32_BIT_CONVERSION = YES;
				GCC_WARN_ABOUT_RETURN_TYPE = YES_ERROR;
				GCC_WARN_UNDECLARED_SELECTOR = YES;
				GCC_WARN_UNINITIALIZED_AUTOS = YES_AGGRESSIVE;
				GCC_WARN_UNUSED_FUNCTION = YES;
				GCC_WARN_UNUSED_VARIABLE = YES;
				IPHONEOS_DEPLOYMENT_TARGET = 18.0;
				LOCALIZATION_PREFERS_STRING_CATALOGS = YES;
				MTL_ENABLE_DEBUG_INFO = INCLUDE_SOURCE;
				MTL_FAST_MATH = YES;
				ONLY_ACTIVE_ARCH = YES;
				SDKROOT = iphoneos;
				SWIFT_ACTIVE_COMPILATION_CONDITIONS = "DEBUG $(inherited)";
				SWIFT_OPTIMIZATION_LEVEL = "-Onone";
			};
			name = Debug;
		};
		047F46FB303EDD0100181447 /* Release */ = {
			isa = XCBuildConfiguration;
			buildSettings = {
				ALWAYS_SEARCH_USER_PATHS = NO;
				ASSETCATALOG_COMPILER_GENERATE_SWIFT_ASSET_SYMBOL_EXTENSIONS = YES;
				CLANG_ANALYZER_NONNULL = YES;
				CLANG_ANALYZER_NUMBER_OBJECT_CONVERSION = YES_AGGRESSIVE;
				CLANG_CXX_LANGUAGE_STANDARD = "gnu++20";
				CLANG_ENABLE_MODULES = YES;
				CLANG_ENABLE_OBJC_ARC = YES;
				CLANG_ENABLE_OBJC_WEAK = YES;
				CLANG_WARN_BLOCK_CAPTURE_AUTORELEASING = YES;
				CLANG_WARN_BOOL_CONVERSION = YES;
				CLANG_WARN_COMMA = YES;
				CLANG_WARN_CONSTANT_CONVERSION = YES;
				CLANG_WARN_DEPRECATED_OBJC_IMPLEMENTATIONS = YES;
				CLANG_WARN_DIRECT_OBJC_ISA_USAGE = YES_ERROR;
				CLANG_WARN_DOCUMENTATION_COMMENTS = YES;
				CLANG_WARN_EMPTY_BODY = YES;
				CLANG_WARN_ENUM_CONVERSION = YES;
				CLANG_WARN_INFINITE_RECURSION = YES;
				CLANG_WARN_INT_CONVERSION = YES;
				CLANG_WARN_NON_LITERAL_NULL_CONVERSION = YES;
				CLANG_WARN_OBJC_IMPLICIT_RETAIN_SELF = YES;
				CLANG_WARN_OBJC_LITERAL_CONVERSION = YES;
				CLANG_WARN_OBJC_ROOT_CLASS = YES_ERROR;
				CLANG_WARN_QUOTED_INCLUDE_IN_FRAMEWORK_HEADER = YES;
				CLANG_WARN_RANGE_LOOP_ANALYSIS = YES;
				CLANG_WARN_STRICT_PROTOTYPES = YES;
				CLANG_WARN_SUSPICIOUS_MOVE = YES;
				CLANG_WARN_UNGUARDED_AVAILABILITY = YES_AGGRESSIVE;
				CLANG_WARN_UNREACHABLE_CODE = YES;
				CLANG_WARN__DUPLICATE_METHOD_MATCH = YES;
				COPY_PHASE_STRIP = NO;
				DEBUG_INFORMATION_FORMAT = "dwarf-with-dsym";
				ENABLE_NS_ASSERTIONS = NO;
				ENABLE_STRICT_OBJC_MSGSEND = YES;
				ENABLE_USER_SCRIPT_SANDBOXING = NO;
				GCC_C_LANGUAGE_STANDARD = gnu17;
				GCC_NO_COMMON_BLOCKS = YES;
				GCC_WARN_64_TO_32_BIT_CONVERSION = YES;
				GCC_WARN_ABOUT_RETURN_TYPE = YES_ERROR;
				GCC_WARN_UNDECLARED_SELECTOR = YES;
				GCC_WARN_UNINITIALIZED_AUTOS = YES_AGGRESSIVE;
				GCC_WARN_UNUSED_FUNCTION = YES;
				GCC_WARN_UNUSED_VARIABLE = YES;
				IPHONEOS_DEPLOYMENT_TARGET = 18.0;
				LOCALIZATION_PREFERS_STRING_CATALOGS = YES;
				MTL_ENABLE_DEBUG_INFO = NO;
				MTL_FAST_MATH = YES;
				SDKROOT = iphoneos;
				SWIFT_COMPILATION_MODE = wholemodule;
				VALIDATE_PRODUCT = YES;
			};
			name = Release;
		};
		0A1B2C1B303EDD0200181447 /* Debug */ = {
			isa = XCBuildConfiguration;
			baseConfigurationReference = 2ADF3942CB861A5AC9062D2C /* Pods-coufistgadeTests.debug.xcconfig */;
			buildSettings = {
				BUNDLE_LOADER = "$(TEST_HOST)";
				CODE_SIGN_STYLE = Automatic;
				CURRENT_PROJECT_VERSION = 1;
				ENABLE_USER_SCRIPT_SANDBOXING = NO;
				GENERATE_INFOPLIST_FILE = YES;
				IPHONEOS_DEPLOYMENT_TARGET = 18.0;
				MARKETING_VERSION = 1.0;
				PRODUCT_BUNDLE_IDENTIFIER = com.cclv.coufistgadeTests;
				PRODUCT_NAME = "$(TARGET_NAME)";
				SWIFT_APPROACHABLE_CONCURRENCY = YES;
				SWIFT_DEFAULT_ACTOR_ISOLATION = MainActor;
				SWIFT_EMIT_LOC_STRINGS = NO;
				SWIFT_UPCOMING_FEATURE_MEMBER_IMPORT_VISIBILITY = YES;
				SWIFT_VERSION = 5.0;
				TARGETED_DEVICE_FAMILY = 1;
				TEST_HOST = "$(BUILT_PRODUCTS_DIR)/coufistgade.app/$(BUNDLE_EXECUTABLE_FOLDER_PATH)/coufistgade";
			};
			name = Debug;
		};
		0A1B2C1C303EDD0200181447 /* Release */ = {
			isa = XCBuildConfiguration;
			baseConfigurationReference = 35EC484BE422741629C93855 /* Pods-coufistgadeTests.release.xcconfig */;
			buildSettings = {
				BUNDLE_LOADER = "$(TEST_HOST)";
				CODE_SIGN_STYLE = Automatic;
				CURRENT_PROJECT_VERSION = 1;
				ENABLE_USER_SCRIPT_SANDBOXING = NO;
				GENERATE_INFOPLIST_FILE = YES;
				IPHONEOS_DEPLOYMENT_TARGET = 18.0;
				MARKETING_VERSION = 1.0;
				PRODUCT_BUNDLE_IDENTIFIER = com.cclv.coufistgadeTests;
				PRODUCT_NAME = "$(TARGET_NAME)";
				SWIFT_APPROACHABLE_CONCURRENCY = YES;
				SWIFT_DEFAULT_ACTOR_ISOLATION = MainActor;
				SWIFT_EMIT_LOC_STRINGS = NO;
				SWIFT_UPCOMING_FEATURE_MEMBER_IMPORT_VISIBILITY = YES;
				SWIFT_VERSION = 5.0;
				TARGETED_DEVICE_FAMILY = 1;
				TEST_HOST = "$(BUILT_PRODUCTS_DIR)/coufistgade.app/$(BUNDLE_EXECUTABLE_FOLDER_PATH)/coufistgade";
			};
			name = Release;
		};
/* End XCBuildConfiguration section */

/* Begin XCConfigurationList section */
		047F46DF303EDD0000181447 /* Build configuration list for PBXProject "coufistgade" */ = {
			isa = XCConfigurationList;
			buildConfigurations = (
				047F46FA303EDD0100181447 /* Debug */,
				047F46FB303EDD0100181447 /* Release */,
			);
			defaultConfigurationIsVisible = 0;
			defaultConfigurationName = Release;
		};
		047F46F7303EDD0100181447 /* Build configuration list for PBXNativeTarget "coufistgade" */ = {
			isa = XCConfigurationList;
			buildConfigurations = (
				047F46F8303EDD0100181447 /* Debug */,
				047F46F9303EDD0100181447 /* Release */,
			);
			defaultConfigurationIsVisible = 0;
			defaultConfigurationName = Release;
		};
		0A1B2C1A303EDD0200181447 /* Build configuration list for PBXNativeTarget "coufistgadeTests" */ = {
			isa = XCConfigurationList;
			buildConfigurations = (
				0A1B2C1B303EDD0200181447 /* Debug */,
				0A1B2C1C303EDD0200181447 /* Release */,
			);
			defaultConfigurationIsVisible = 0;
			defaultConfigurationName = Release;
		};
/* End XCConfigurationList section */
	};
	rootObject = 047F46DC303EDD0000181447 /* Project object */;
}
